
Microsoft Visual Studio Solution File, Format Version 12.00
# Visual Studio 15
VisualStudioVersion = 15.0.27428.2011
MinimumVisualStudioVersion = 10.0.40219.1
Project("{9A19103F-16F7-4668-BE54-9A1E7A4F7556}") = "FTGridBuilding", "FTGridBuilding.csproj", "{77A9D90D-CA83-4F6C-83E1-0505EE875B63}"
EndProject
Global
	GlobalSection(SolutionConfigurationPlatforms) = preSolution
		Debug|Any CPU = Debug|Any CPU
		Release|Any CPU = Release|Any CPU
	EndGlobalSection
	GlobalSection(ProjectConfigurationPlatforms) = postSolution
		{77A9D90D-CA83-4F6C-83E1-0505EE875B63}.Debug|Any CPU.ActiveCfg = Debug|Any CPU
		{77A9D90D-CA83-4F6C-83E1-0505EE875B63}.Debug|Any CPU.Build.0 = Debug|Any CPU
		{77A9D90D-CA83-4F6C-83E1-0505EE875B63}.Release|Any CPU.ActiveCfg = Release|Any CPU
		{77A9D90D-CA83-4F6C-83E1-0505EE875B63}.Release|Any CPU.Build.0 = Release|Any CPU
	EndGlobalSection
	GlobalSection(SolutionProperties) = preSolution
		HideSolutionNode = FALSE
	EndGlobalSection
	GlobalSection(ExtensibilityGlobals) = postSolution
		SolutionGuid = {A65B7F8A-9911-4CDD-92F0-22C1341E9BBD}
	EndGlobalSection
EndGlobal
